
Microsoft Visual Studio Solution File, Format Version 12.00
Project("{FAE04EC0-301F-11D3-BF4B-00C04F79EFBC}") = "String stuff", "String stuff\String stuff.csproj", "{8B9AE677-D5FB-4879-8208-17E213A36195}"
EndProject
Global
	GlobalSection(SolutionConfigurationPlatforms) = preSolution
		Debug|Any CPU = Debug|Any CPU
		Release|Any CPU = Release|Any CPU
	EndGlobalSection
	GlobalSection(ProjectConfigurationPlatforms) = postSolution
		{8B9AE677-D5FB-4879-8208-17E213A36195}.Debug|Any CPU.ActiveCfg = Debug|Any CPU
		{8B9AE677-D5FB-4879-8208-17E213A36195}.Debug|Any CPU.Build.0 = Debug|Any CPU
		{8B9AE677-D5FB-4879-8208-17E213A36195}.Release|Any CPU.ActiveCfg = Release|Any CPU
		{8B9AE677-D5FB-4879-8208-17E213A36195}.Release|Any CPU.Build.0 = Release|Any CPU
	EndGlobalSection
EndGlobal
